
Microsoft Visual Studio Solution File, Format Version 12.00
# Visual Studio Version 17
VisualStudioVersion = 17.0.31903.59
MinimumVisualStudioVersion = 10.0.40219.1
Project("{FAE04EC0-301F-11D3-BF4B-00C04F79EFBC}") = "Lesson 1", "Lesson 1\Lesson 1.csproj", "{D2970421-EECC-4391-BDD7-D3974345683B}"
EndProject
Project("{FAE04EC0-301F-11D3-BF4B-00C04F79EFBC}") = "Lesson 2", "Lesson 2\Lesson 2.csproj", "{49695668-E70B-4DA5-AF11-2200446B98BD}"
EndProject
Project("{FAE04EC0-301F-11D3-BF4B-00C04F79EFBC}") = "Lesson 3", "Lesson 3\Lesson 3.csproj", "{CA3BA8CA-CEBA-42B8-AD6F-927535EFF2D2}"
EndProject
Project("{FAE04EC0-301F-11D3-BF4B-00C04F79EFBC}") = "Lesson 4", "Lesson 4\Lesson 4.csproj", "{4FFCA2A0-0635-40EC-80E3-02888202ECCC}"
EndProject
Project("{FAE04EC0-301F-11D3-BF4B-00C04F79EFBC}") = "Lesson 5", "Lesson 5\Lesson 5.csproj", "{9585FBA2-7CF4-4A69-B641-74BA0950E85D}"
EndProject
Global
	GlobalSection(SolutionConfigurationPlatforms) = preSolution
		Debug|Any CPU = Debug|Any CPU
		Release|Any CPU = Release|Any CPU
	EndGlobalSection
	GlobalSection(SolutionProperties) = preSolution
		HideSolutionNode = FALSE
	EndGlobalSection
	GlobalSection(ProjectConfigurationPlatforms) = postSolution
		{D2970421-EECC-4391-BDD7-D3974345683B}.Debug|Any CPU.ActiveCfg = Debug|Any CPU
		{D2970421-EECC-4391-BDD7-D3974345683B}.Debug|Any CPU.Build.0 = Debug|Any CPU
		{D2970421-EECC-4391-BDD7-D3974345683B}.Release|Any CPU.ActiveCfg = Release|Any CPU
		{D2970421-EECC-4391-BDD7-D3974345683B}.Release|Any CPU.Build.0 = Release|Any CPU
		{49695668-E70B-4DA5-AF11-2200446B98BD}.Debug|Any CPU.ActiveCfg = Debug|Any CPU
		{49695668-E70B-4DA5-AF11-2200446B98BD}.Debug|Any CPU.Build.0 = Debug|Any CPU
		{49695668-E70B-4DA5-AF11-2200446B98BD}.Release|Any CPU.ActiveCfg = Release|Any CPU
		{49695668-E70B-4DA5-AF11-2200446B98BD}.Release|Any CPU.Build.0 = Release|Any CPU
		{CA3BA8CA-CEBA-42B8-AD6F-927535EFF2D2}.Debug|Any CPU.ActiveCfg = Debug|Any CPU
		{CA3BA8CA-CEBA-42B8-AD6F-927535EFF2D2}.Debug|Any CPU.Build.0 = Debug|Any CPU
		{CA3BA8CA-CEBA-42B8-AD6F-927535EFF2D2}.Release|Any CPU.ActiveCfg = Release|Any CPU
		{CA3BA8CA-CEBA-42B8-AD6F-927535EFF2D2}.Release|Any CPU.Build.0 = Release|Any CPU
		{4FFCA2A0-0635-40EC-80E3-02888202ECCC}.Debug|Any CPU.ActiveCfg = Debug|Any CPU
		{4FFCA2A0-0635-40EC-80E3-02888202ECCC}.Debug|Any CPU.Build.0 = Debug|Any CPU
		{4FFCA2A0-0635-40EC-80E3-02888202ECCC}.Release|Any CPU.ActiveCfg = Release|Any CPU
		{4FFCA2A0-0635-40EC-80E3-02888202ECCC}.Release|Any CPU.Build.0 = Release|Any CPU
		{9585FBA2-7CF4-4A69-B641-74BA0950E85D}.Debug|Any CPU.ActiveCfg = Debug|Any CPU
		{9585FBA2-7CF4-4A69-B641-74BA0950E85D}.Debug|Any CPU.Build.0 = Debug|Any CPU
		{9585FBA2-7CF4-4A69-B641-74BA0950E85D}.Release|Any CPU.ActiveCfg = Release|Any CPU
		{9585FBA2-7CF4-4A69-B641-74BA0950E85D}.Release|Any CPU.Build.0 = Release|Any CPU
	EndGlobalSection
EndGlobal
